
Microsoft Visual Studio Solution File, Format Version 12.00
# Visual Studio Version 17
VisualStudioVersion = 17.12.35527.113 d17.12
MinimumVisualStudioVersion = 10.0.40219.1
Project("{FAE04EC0-301F-11D3-BF4B-00C04F79EFBC}") = "pr7kankan", "pr7kankan.csproj", "{9E16F54B-AA71-4A94-9B8F-A2D71A3D1BDE}"
EndProject
Global
	GlobalSection(SolutionConfigurationPlatforms) = preSolution
		Debug|Any CPU = Debug|Any CPU
		Release|Any CPU = Release|Any CPU
	EndGlobalSection
	GlobalSection(ProjectConfigurationPlatforms) = postSolution
		{9E16F54B-AA71-4A94-9B8F-A2D71A3D1BDE}.Debug|Any CPU.ActiveCfg = Debug|Any CPU
		{9E16F54B-AA71-4A94-9B8F-A2D71A3D1BDE}.Debug|Any CPU.Build.0 = Debug|Any CPU
		{9E16F54B-AA71-4A94-9B8F-A2D71A3D1BDE}.Release|Any CPU.ActiveCfg = Release|Any CPU
		{9E16F54B-AA71-4A94-9B8F-A2D71A3D1BDE}.Release|Any CPU.Build.0 = Release|Any CPU
	EndGlobalSection
	GlobalSection(SolutionProperties) = preSolution
		HideSolutionNode = FALSE
	EndGlobalSection
EndGlobal
